
Microsoft Visual Studio Solution File, Format Version 12.00
# Visual Studio 15
Project("{FAE04EC0-301F-11D3-BF4B-00C04F79EFBC}") = "DemoApp", "DemoApp\DemoApp.csproj", "{34C63156-8B9C-455E-B9E9-6C468D0F1B5A}"
EndProject
Global
	GlobalSection(SolutionConfigurationPlatforms) = preSolution
		Debug|iPhoneSimulator = Debug|iPhoneSimulator
		Release|iPhoneSimulator = Release|iPhoneSimulator
		Debug|iPhone = Debug|iPhone
		Release|iPhone = Release|iPhone
	EndGlobalSection
	GlobalSection(ProjectConfigurationPlatforms) = postSolution
		{34C63156-8B9C-455E-B9E9-6C468D0F1B5A}.Debug|iPhoneSimulator.ActiveCfg = Debug|iPhoneSimulator
		{34C63156-8B9C-455E-B9E9-6C468D0F1B5A}.Debug|iPhoneSimulator.Build.0 = Debug|iPhoneSimulator
		{34C63156-8B9C-455E-B9E9-6C468D0F1B5A}.Release|iPhoneSimulator.ActiveCfg = Release|iPhoneSimulator
		{34C63156-8B9C-455E-B9E9-6C468D0F1B5A}.Release|iPhoneSimulator.Build.0 = Release|iPhoneSimulator
		{34C63156-8B9C-455E-B9E9-6C468D0F1B5A}.Debug|iPhone.ActiveCfg = Debug|iPhone
		{34C63156-8B9C-455E-B9E9-6C468D0F1B5A}.Debug|iPhone.Build.0 = Debug|iPhone
		{34C63156-8B9C-455E-B9E9-6C468D0F1B5A}.Release|iPhone.ActiveCfg = Release|iPhone
		{34C63156-8B9C-455E-B9E9-6C468D0F1B5A}.Release|iPhone.Build.0 = Release|iPhone
	EndGlobalSection
EndGlobal
